// !$*UTF8*$!
{
	archiveVersion = 1;
	classes = {
	};
	objectVersion = 56;
	objects = {

/* Begin PBXBuildFile section */
		205F3F732B8516A1002E020B /* Color-Theme.swift in Sources */ = {isa = PBXBuildFile; fileRef = 205F3F722B8516A1002E020B /* Color-Theme.swift */; };
		205F3F752B85C7A9002E020B /* MissionView.swift in Sources */ = {isa = PBXBuildFile; fileRef = 205F3F742B85C7A9002E020B /* MissionView.swift */; };
		205F3F772B874B1C002E020B /* AstronautView.swift in Sources */ = {isa = PBXBuildFile; fileRef = 205F3F762B874B1C002E020B /* AstronautView.swift */; };
		20B30B822B58F1A100B7AB7C /* MoonShotApp.swift in Sources */ = {isa = PBXBuildFile; fileRef = 20B30B812B58F1A100B7AB7C /* MoonShotApp.swift */; };
		20B30B842B58F1A100B7AB7C /* ContentView.swift in Sources */ = {isa = PBXBuildFile; fileRef = 20B30B832B58F1A100B7AB7C /* ContentView.swift */; };
		20B30B862B58F1A100B7AB7C /* Item.swift in Sources */ = {isa = PBXBuildFile; fileRef = 20B30B852B58F1A100B7AB7C /* Item.swift */; };
		20B30B882B58F1A400B7AB7C /* Assets.xcassets in Resources */ = {isa = PBXBuildFile; fileRef = 20B30B872B58F1A400B7AB7C /* Assets.xcassets */; };
		20B30B8B2B58F1A400B7AB7C /* Preview Assets.xcassets in Resources */ = {isa = PBXBuildFile; fileRef = 20B30B8A2B58F1A400B7AB7C /* Preview Assets.xcassets */; };
		20B30B952B58F1A400B7AB7C /* MoonShotTests.swift in Sources */ = {isa = PBXBuildFile; fileRef = 20B30B942B58F1A400B7AB7C /* MoonShotTests.swift */; };
		20B30B9F2B58F1A400B7AB7C /* MoonShotUITests.swift in Sources */ = {isa = PBXBuildFile; fileRef = 20B30B9E2B58F1A400B7AB7C /* MoonShotUITests.swift */; };
		20B30BA12B58F1A400B7AB7C /* MoonShotUITestsLaunchTests.swift in Sources */ = {isa = PBXBuildFile; fileRef = 20B30BA02B58F1A400B7AB7C /* MoonShotUITestsLaunchTests.swift */; };
		20B30BAF2B5C8E6700B7AB7C /* astronauts.json in Resources */ = {isa = PBXBuildFile; fileRef = 20B30BAD2B5C8E6700B7AB7C /* astronauts.json */; };
		20B30BB02B5C8E6700B7AB7C /* missions.json in Resources */ = {isa = PBXBuildFile; fileRef = 20B30BAE2B5C8E6700B7AB7C /* missions.json */; };
		20B30BB22B5C922900B7AB7C /* Astronaut.swift in Sources */ = {isa = PBXBuildFile; fileRef = 20B30BB12B5C922900B7AB7C /* Astronaut.swift */; };
		20B30BB42B5C93D800B7AB7C /* Bundle-Decodable.swift in Sources */ = {isa = PBXBuildFile; fileRef = 20B30BB32B5C93D800B7AB7C /* Bundle-Decodable.swift */; };
		20B30BB62B5CA9AC00B7AB7C /* Mission.swift in Sources */ = {isa = PBXBuildFile; fileRef = 20B30BB52B5CA9AC00B7AB7C /* Mission.swift */; };
/* End PBXBuildFile section */

/* Begin PBXContainerItemProxy section */
		20B30B912B58F1A400B7AB7C /* PBXContainerItemProxy */ = {
			isa = PBXContainerItemProxy;
			containerPortal = 20B30B762B58F1A100B7AB7C /* Project object */;
			proxyType = 1;
			remoteGlobalIDString = 20B30B7D2B58F1A100B7AB7C;
			remoteInfo = MoonShot;
		};
		20B30B9B2B58F1A400B7AB7C /* PBXContainerItemProxy */ = {
			isa = PBXContainerItemProxy;
			containerPortal = 20B30B762B58F1A100B7AB7C /* Project object */;
			proxyType = 1;
			remoteGlobalIDString = 20B30B7D2B58F1A100B7AB7C;
			remoteInfo = MoonShot;
		};
/* End PBXContainerItemProxy section */

/* Begin PBXFileReference section */
		205F3F722B8516A1002E020B /* Color-Theme.swift */ = {isa = PBXFileReference; lastKnownFileType = sourcecode.swift; path = "Color-Theme.swift"; sourceTree = "<group>"; };
		205F3F742B85C7A9002E020B /* MissionView.swift */ = {isa = PBXFileReference; lastKnownFileType = sourcecode.swift; path = MissionView.swift; sourceTree = "<group>"; };
		205F3F762B874B1C002E020B /* AstronautView.swift */ = {isa = PBXFileReference; lastKnownFileType = sourcecode.swift; path = AstronautView.swift; sourceTree = "<group>"; };
		20B30B7E2B58F1A100B7AB7C /* MoonShot.app */ = {isa = PBXFileReference; explicitFileType = wrapper.application; includeInIndex = 0; path = MoonShot.app; sourceTree = BUILT_PRODUCTS_DIR; };
		20B30B812B58F1A100B7AB7C /* MoonShotApp.swift */ = {isa = PBXFileReference; lastKnownFileType = sourcecode.swift; path = MoonShotApp.swift; sourceTree = "<group>"; };
		20B30B832B58F1A100B7AB7C /* ContentView.swift */ = {isa = PBXFileReference; lastKnownFileType = sourcecode.swift; path = ContentView.swift; sourceTree = "<group>"; };
		20B30B852B58F1A100B7AB7C /* Item.swift */ = {isa = PBXFileReference; lastKnownFileType = sourcecode.swift; path = Item.swift; sourceTree = "<group>"; };
		20B30B872B58F1A400B7AB7C /* Assets.xcassets */ = {isa = PBXFileReference; lastKnownFileType = folder.assetcatalog; path = Assets.xcassets; sourceTree = "<group>"; };
		20B30B8A2B58F1A400B7AB7C /* Preview Assets.xcassets */ = {isa = PBXFileReference; lastKnownFileType = folder.assetcatalog; path = "Preview Assets.xcassets"; sourceTree = "<group>"; };
		20B30B902B58F1A400B7AB7C /* MoonShotTests.xctest */ = {isa = PBXFileReference; explicitFileType = wrapper.cfbundle; includeInIndex = 0; path = MoonShotTests.xctest; sourceTree = BUILT_PRODUCTS_DIR; };
		20B30B942B58F1A400B7AB7C /* MoonShotTests.swift */ = {isa = PBXFileReference; lastKnownFileType = sourcecode.swift; path = MoonShotTests.swift; sourceTree = "<group>"; };
		20B30B9A2B58F1A400B7AB7C /* MoonShotUITests.xctest */ = {isa = PBXFileReference; explicitFileType = wrapper.cfbundle; includeInIndex = 0; path = MoonShotUITests.xctest; sourceTree = BUILT_PRODUCTS_DIR; };
		20B30B9E2B58F1A400B7AB7C /* MoonShotUITests.swift */ = {isa = PBXFileReference; lastKnownFileType = sourcecode.swift; path = MoonShotUITests.swift; sourceTree = "<group>"; };
		20B30BA02B58F1A400B7AB7C /* MoonShotUITestsLaunchTests.swift */ = {isa = PBXFileReference; lastKnownFileType = sourcecode.swift; path = MoonShotUITestsLaunchTests.swift; sourceTree = "<group>"; };
		20B30BAD2B5C8E6700B7AB7C /* astronauts.json */ = {isa = PBXFileReference; fileEncoding = 4; lastKnownFileType = text.json; path = astronauts.json; sourceTree = "<group>"; };
		20B30BAE2B5C8E6700B7AB7C /* missions.json */ = {isa = PBXFileReference; fileEncoding = 4; lastKnownFileType = text.json; path = missions.json; sourceTree = "<group>"; };
		20B30BB12B5C922900B7AB7C /* Astronaut.swift */ = {isa = PBXFileReference; lastKnownFileType = sourcecode.swift; path = Astronaut.swift; sourceTree = "<group>"; };
		20B30BB32B5C93D800B7AB7C /* Bundle-Decodable.swift */ = {isa = PBXFileReference; lastKnownFileType = sourcecode.swift; path = "Bundle-Decodable.swift"; sourceTree = "<group>"; };
		20B30BB52B5CA9AC00B7AB7C /* Mission.swift */ = {isa = PBXFileReference; lastKnownFileType = sourcecode.swift; path = Mission.swift; sourceTree = "<group>"; };
/* End PBXFileReference section */

/* Begin PBXFrameworksBuildPhase section */
		20B30B7B2B58F1A100B7AB7C /* Frameworks */ = {
			isa = PBXFrameworksBuildPhase;
			buildActionMask = 2147483647;
			files = (
			);
			runOnlyForDeploymentPostprocessing = 0;
		};
		20B30B8D2B58F1A400B7AB7C /* Frameworks */ = {
			isa = PBXFrameworksBuildPhase;
			buildActionMask = 2147483647;
			files = (
			);
			runOnlyForDeploymentPostprocessing = 0;
		};
		20B30B972B58F1A400B7AB7C /* Frameworks */ = {
			isa = PBXFrameworksBuildPhase;
			buildActionMask = 2147483647;
			files = (
			);
			runOnlyForDeploymentPostprocessing = 0;
		};
/* End PBXFrameworksBuildPhase section */

/* Begin PBXGroup section */
		20B30B752B58F1A100B7AB7C = {
			isa = PBXGroup;
			children = (
				20B30B802B58F1A100B7AB7C /* MoonShot */,
				20B30B932B58F1A400B7AB7C /* MoonShotTests */,
				20B30B9D2B58F1A400B7AB7C /* MoonShotUITests */,
				20B30B7F2B58F1A100B7AB7C /* Products */,
			);
			sourceTree = "<group>";
		};
		20B30B7F2B58F1A100B7AB7C /* Products */ = {
			isa = PBXGroup;
			children = (
				20B30B7E2B58F1A100B7AB7C /* MoonShot.app */,
				20B30B902B58F1A400B7AB7C /* MoonShotTests.xctest */,
				20B30B9A2B58F1A400B7AB7C /* MoonShotUITests.xctest */,
			);
			name = Products;
			sourceTree = "<group>";
		};
		20B30B802B58F1A100B7AB7C /* MoonShot */ = {
			isa = PBXGroup;
			children = (
				20B30B812B58F1A100B7AB7C /* MoonShotApp.swift */,
				20B30B832B58F1A100B7AB7C /* ContentView.swift */,
				205F3F762B874B1C002E020B /* AstronautView.swift */,
				205F3F742B85C7A9002E020B /* MissionView.swift */,
				205F3F722B8516A1002E020B /* Color-Theme.swift */,
				20B30BB12B5C922900B7AB7C /* Astronaut.swift */,
				20B30BB32B5C93D800B7AB7C /* Bundle-Decodable.swift */,
				20B30B852B58F1A100B7AB7C /* Item.swift */,
				20B30BB52B5CA9AC00B7AB7C /* Mission.swift */,
				20B30B872B58F1A400B7AB7C /* Assets.xcassets */,
				20B30BAD2B5C8E6700B7AB7C /* astronauts.json */,
				20B30BAE2B5C8E6700B7AB7C /* missions.json */,
				20B30B892B58F1A400B7AB7C /* Preview Content */,
			);
			path = MoonShot;
			sourceTree = "<group>";
		};
		20B30B892B58F1A400B7AB7C /* Preview Content */ = {
			isa = PBXGroup;
			children = (
				20B30B8A2B58F1A400B7AB7C /* Preview Assets.xcassets */,
			);
			path = "Preview Content";
			sourceTree = "<group>";
		};
		20B30B932B58F1A400B7AB7C /* MoonShotTests */ = {
			isa = PBXGroup;
			children = (
				20B30B942B58F1A400B7AB7C /* MoonShotTests.swift */,
			);
			path = MoonShotTests;
			sourceTree = "<group>";
		};
		20B30B9D2B58F1A400B7AB7C /* MoonShotUITests */ = {
			isa = PBXGroup;
			children = (
				20B30B9E2B58F1A400B7AB7C /* MoonShotUITests.swift */,
				20B30BA02B58F1A400B7AB7C /* MoonShotUITestsLaunchTests.swift */,
			);
			path = MoonShotUITests;
			sourceTree = "<group>";
		};
/* End PBXGroup section */

/* Begin PBXNativeTarget section */
		20B30B7D2B58F1A100B7AB7C /* MoonShot */ = {
			isa = PBXNativeTarget;
			buildConfigurationList = 20B30BA42B58F1A400B7AB7C /* Build configuration list for PBXNativeTarget "MoonShot" */;
			buildPhases = (
				20B30B7A2B58F1A100B7AB7C /* Sources */,
				20B30B7B2B58F1A100B7AB7C /* Frameworks */,
				20B30B7C2B58F1A100B7AB7C /* Resources */,
			);
			buildRules = (
			);
			dependencies = (
			);
			name = MoonShot;
			productName = MoonShot;
			productReference = 20B30B7E2B58F1A100B7AB7C /* MoonShot.app */;
			productType = "com.apple.product-type.application";
		};
		20B30B8F2B58F1A400B7AB7C /* MoonShotTests */ = {
			isa = PBXNativeTarget;
			buildConfigurationList = 20B30BA72B58F1A400B7AB7C /* Build configuration list for PBXNativeTarget "MoonShotTests" */;
			buildPhases = (
				20B30B8C2B58F1A400B7AB7C /* Sources */,
				20B30B8D2B58F1A400B7AB7C /* Frameworks */,
				20B30B8E2B58F1A400B7AB7C /* Resources */,
			);
			buildRules = (
			);
			dependencies = (
				20B30B922B58F1A400B7AB7C /* PBXTargetDependency */,
			);
			name = MoonShotTests;
			productName = MoonShotTests;
			productReference = 20B30B902B58F1A400B7AB7C /* MoonShotTests.xctest */;
			productType = "com.apple.product-type.bundle.unit-test";
		};
		20B30B992B58F1A400B7AB7C /* MoonShotUITests */ = {
			isa = PBXNativeTarget;
			buildConfigurationList = 20B30BAA2B58F1A400B7AB7C /* Build configuration list for PBXNativeTarget "MoonShotUITests" */;
			buildPhases = (
				20B30B962B58F1A400B7AB7C /* Sources */,
				20B30B972B58F1A400B7AB7C /* Frameworks */,
				20B30B982B58F1A400B7AB7C /* Resources */,
			);
			buildRules = (
			);
			dependencies = (
				20B30B9C2B58F1A400B7AB7C /* PBXTargetDependency */,
			);
			name = MoonShotUITests;
			productName = MoonShotUITests;
			productReference = 20B30B9A2B58F1A400B7AB7C /* MoonShotUITests.xctest */;
			productType = "com.apple.product-type.bundle.ui-testing";
		};
/* End PBXNativeTarget section */

/* Begin PBXProject section */
		20B30B762B58F1A100B7AB7C /* Project object */ = {
			isa = PBXProject;
			attributes = {
				BuildIndependentTargetsInParallel = 1;
				LastSwiftUpdateCheck = 1500;
				LastUpgradeCheck = 1500;
				TargetAttributes = {
					20B30B7D2B58F1A100B7AB7C = {
						CreatedOnToolsVersion = 15.0.1;
					};
					20B30B8F2B58F1A400B7AB7C = {
						CreatedOnToolsVersion = 15.0.1;
						TestTargetID = 20B30B7D2B58F1A100B7AB7C;
					};
					20B30B992B58F1A400B7AB7C = {
						CreatedOnToolsVersion = 15.0.1;
						TestTargetID = 20B30B7D2B58F1A100B7AB7C;
					};
				};
			};
			buildConfigurationList = 20B30B792B58F1A100B7AB7C /* Build configuration list for PBXProject "MoonShot" */;
			compatibilityVersion = "Xcode 14.0";
			developmentRegion = en;
			hasScannedForEncodings = 0;
			knownRegions = (
				en,
				Base,
			);
			mainGroup = 20B30B752B58F1A100B7AB7C;
			productRefGroup = 20B30B7F2B58F1A100B7AB7C /* Products */;
			projectDirPath = "";
			projectRoot = "";
			targets = (
				20B30B7D2B58F1A100B7AB7C /* MoonShot */,
				20B30B8F2B58F1A400B7AB7C /* MoonShotTests */,
				20B30B992B58F1A400B7AB7C /* MoonShotUITests */,
			);
		};
/* End PBXProject section */

/* Begin PBXResourcesBuildPhase section */
		20B30B7C2B58F1A100B7AB7C /* Resources */ = {
			isa = PBXResourcesBuildPhase;
			buildActionMask = 2147483647;
			files = (
				20B30BAF2B5C8E6700B7AB7C /* astronauts.json in Resources */,
				20B30B8B2B58F1A400B7AB7C /* Preview Assets.xcassets in Resources */,
				20B30BB02B5C8E6700B7AB7C /* missions.json in Resources */,
				20B30B882B58F1A400B7AB7C /* Assets.xcassets in Resources */,
			);
			runOnlyForDeploymentPostprocessing = 0;
		};
		20B30B8E2B58F1A400B7AB7C /* Resources */ = {
			isa = PBXResourcesBuildPhase;
			buildActionMask = 2147483647;
			files = (
			);
			runOnlyForDeploymentPostprocessing = 0;
		};
		20B30B982B58F1A400B7AB7C /* Resources */ = {
			isa = PBXResourcesBuildPhase;
			buildActionMask = 2147483647;
			files = (
			);
			runOnlyForDeploymentPostprocessing = 0;
		};
/* End PBXResourcesBuildPhase section */

/* Begin PBXSourcesBuildPhase section */
		20B30B7A2B58F1A100B7AB7C /* Sources */ = {
			isa = PBXSourcesBuildPhase;
			buildActionMask = 2147483647;
			files = (
				20B30BB62B5CA9AC00B7AB7C /* Mission.swift in Sources */,
				205F3F772B874B1C002E020B /* AstronautView.swift in Sources */,
				205F3F752B85C7A9002E020B /* MissionView.swift in Sources */,
				20B30B842B58F1A100B7AB7C /* ContentView.swift in Sources */,
				205F3F732B8516A1002E020B /* Color-Theme.swift in Sources */,
				20B30B862B58F1A100B7AB7C /* Item.swift in Sources */,
				20B30BB42B5C93D800B7AB7C /* Bundle-Decodable.swift in Sources */,
				20B30B822B58F1A100B7AB7C /* MoonShotApp.swift in Sources */,
				20B30BB22B5C922900B7AB7C /* Astronaut.swift in Sources */,
			);
			runOnlyForDeploymentPostprocessing = 0;
		};
		20B30B8C2B58F1A400B7AB7C /* Sources */ = {
			isa = PBXSourcesBuildPhase;
			buildActionMask = 2147483647;
			files = (
				20B30B952B58F1A400B7AB7C /* MoonShotTests.swift in Sources */,
			);
			runOnlyForDeploymentPostprocessing = 0;
		};
		20B30B962B58F1A400B7AB7C /* Sources */ = {
			isa = PBXSourcesBuildPhase;
			buildActionMask = 2147483647;
			files = (
				20B30BA12B58F1A400B7AB7C /* MoonShotUITestsLaunchTests.swift in Sources */,
				20B30B9F2B58F1A400B7AB7C /* MoonShotUITests.swift in Sources */,
			);
			runOnlyForDeploymentPostprocessing = 0;
		};
/* End PBXSourcesBuildPhase section */

/* Begin PBXTargetDependency section */
		20B30B922B58F1A400B7AB7C /* PBXTargetDependency */ = {
			isa = PBXTargetDependency;
			target = 20B30B7D2B58F1A100B7AB7C /* MoonShot */;
			targetProxy = 20B30B912B58F1A400B7AB7C /* PBXContainerItemProxy */;
		};
		20B30B9C2B58F1A400B7AB7C /* PBXTargetDependency */ = {
			isa = PBXTargetDependency;
			target = 20B30B7D2B58F1A100B7AB7C /* MoonShot */;
			targetProxy = 20B30B9B2B58F1A400B7AB7C /* PBXContainerItemProxy */;
		};
/* End PBXTargetDependency section */

/* Begin XCBuildConfiguration section */
		20B30BA22B58F1A400B7AB7C /* Debug */ = {
			isa = XCBuildConfiguration;
			buildSettings = {
				ALWAYS_SEARCH_USER_PATHS = NO;
				ASSETCATALOG_COMPILER_GENERATE_SWIFT_ASSET_SYMBOL_EXTENSIONS = YES;
				CLANG_ANALYZER_NONNULL = YES;
				CLANG_ANALYZER_NUMBER_OBJECT_CONVERSION = YES_AGGRESSIVE;
				CLANG_CXX_LANGUAGE_STANDARD = "gnu++20";
				CLANG_ENABLE_MODULES = YES;
				CLANG_ENABLE_OBJC_ARC = YES;
				CLANG_ENABLE_OBJC_WEAK = YES;
				CLANG_WARN_BLOCK_CAPTURE_AUTORELEASING = YES;
				CLANG_WARN_BOOL_CONVERSION = YES;
				CLANG_WARN_COMMA = YES;
				CLANG_WARN_CONSTANT_CONVERSION = YES;
				CLANG_WARN_DEPRECATED_OBJC_IMPLEMENTATIONS = YES;
				CLANG_WARN_DIRECT_OBJC_ISA_USAGE = YES_ERROR;
				CLANG_WARN_DOCUMENTATION_COMMENTS = YES;
				CLANG_WARN_EMPTY_BODY = YES;
				CLANG_WARN_ENUM_CONVERSION = YES;
				CLANG_WARN_INFINITE_RECURSION = YES;
				CLANG_WARN_INT_CONVERSION = YES;
				CLANG_WARN_NON_LITERAL_NULL_CONVERSION = YES;
				CLANG_WARN_OBJC_IMPLICIT_RETAIN_SELF = YES;
				CLANG_WARN_OBJC_LITERAL_CONVERSION = YES;
				CLANG_WARN_OBJC_ROOT_CLASS = YES_ERROR;
				CLANG_WARN_QUOTED_INCLUDE_IN_FRAMEWORK_HEADER = YES;
				CLANG_WARN_RANGE_LOOP_ANALYSIS = YES;
				CLANG_WARN_STRICT_PROTOTYPES = YES;
				CLANG_WARN_SUSPICIOUS_MOVE = YES;
				CLANG_WARN_UNGUARDED_AVAILABILITY = YES_AGGRESSIVE;
				CLANG_WARN_UNREACHABLE_CODE = YES;
				CLANG_WARN__DUPLICATE_METHOD_MATCH = YES;
				COPY_PHASE_STRIP = NO;
				DEBUG_INFORMATION_FORMAT = dwarf;
				ENABLE_STRICT_OBJC_MSGSEND = YES;
				ENABLE_TESTABILITY = YES;
				ENABLE_USER_SCRIPT_SANDBOXING = YES;
				GCC_C_LANGUAGE_STANDARD = gnu17;
				GCC_DYNAMIC_NO_PIC = NO;
				GCC_NO_COMMON_BLOCKS = YES;
				GCC_OPTIMIZATION_LEVEL = 0;
				GCC_PREPROCESSOR_DEFINITIONS = (
					"DEBUG=1",
					"$(inherited)",
				);
				GCC_WARN_64_TO_32_BIT_CONVERSION = YES;
				GCC_WARN_ABOUT_RETURN_TYPE = YES_ERROR;
				GCC_WARN_UNDECLARED_SELECTOR = YES;
				GCC_WARN_UNINITIALIZED_AUTOS = YES_AGGRESSIVE;
				GCC_WARN_UNUSED_FUNCTION = YES;
				GCC_WARN_UNUSED_VARIABLE = YES;
				IPHONEOS_DEPLOYMENT_TARGET = 17.0;
				LOCALIZATION_PREFERS_STRING_CATALOGS = YES;
				MTL_ENABLE_DEBUG_INFO = INCLUDE_SOURCE;
				MTL_FAST_MATH = YES;
				ONLY_ACTIVE_ARCH = YES;
				SDKROOT = iphoneos;
				SWIFT_ACTIVE_COMPILATION_CONDITIONS = "DEBUG $(inherited)";
				SWIFT_OPTIMIZATION_LEVEL = "-Onone";
			};
			name = Debug;
		};
		20B30BA32B58F1A400B7AB7C /* Release */ = {
			isa = XCBuildConfiguration;
			buildSettings = {
				ALWAYS_SEARCH_USER_PATHS = NO;
				ASSETCATALOG_COMPILER_GENERATE_SWIFT_ASSET_SYMBOL_EXTENSIONS = YES;
				CLANG_ANALYZER_NONNULL = YES;
				CLANG_ANALYZER_NUMBER_OBJECT_CONVERSION = YES_AGGRESSIVE;
				CLANG_CXX_LANGUAGE_STANDARD = "gnu++20";
				CLANG_ENABLE_MODULES = YES;
				CLANG_ENABLE_OBJC_ARC = YES;
				CLANG_ENABLE_OBJC_WEAK = YES;
				CLANG_WARN_BLOCK_CAPTURE_AUTORELEASING = YES;
				CLANG_WARN_BOOL_CONVERSION = YES;
				CLANG_WARN_COMMA = YES;
				CLANG_WARN_CONSTANT_CONVERSION = YES;
				CLANG_WARN_DEPRECATED_OBJC_IMPLEMENTATIONS = YES;
				CLANG_WARN_DIRECT_OBJC_ISA_USAGE = YES_ERROR;
				CLANG_WARN_DOCUMENTATION_COMMENTS = YES;
				CLANG_WARN_EMPTY_BODY = YES;
				CLANG_WARN_ENUM_CONVERSION = YES;
				CLANG_WARN_INFINITE_RECURSION = YES;
				CLANG_WARN_INT_CONVERSION = YES;
				CLANG_WARN_NON_LITERAL_NULL_CONVERSION = YES;
				CLANG_WARN_OBJC_IMPLICIT_RETAIN_SELF = YES;
				CLANG_WARN_OBJC_LITERAL_CONVERSION = YES;
				CLANG_WARN_OBJC_ROOT_CLASS = YES_ERROR;
				CLANG_WARN_QUOTED_INCLUDE_IN_FRAMEWORK_HEADER = YES;
				CLANG_WARN_RANGE_LOOP_ANALYSIS = YES;
				CLANG_WARN_STRICT_PROTOTYPES = YES;
				CLANG_WARN_SUSPICIOUS_MOVE = YES;
				CLANG_WARN_UNGUARDED_AVAILABILITY = YES_AGGRESSIVE;
				CLANG_WARN_UNREACHABLE_CODE = YES;
				CLANG_WARN__DUPLICATE_METHOD_MATCH = YES;
				COPY_PHASE_STRIP = NO;
				DEBUG_INFORMATION_FORMAT = "dwarf-with-dsym";
				ENABLE_NS_ASSERTIONS = NO;
				ENABLE_STRICT_OBJC_MSGSEND = YES;
				ENABLE_USER_SCRIPT_SANDBOXING = YES;
				GCC_C_LANGUAGE_STANDARD = gnu17;
				GCC_NO_COMMON_BLOCKS = YES;
				GCC_WARN_64_TO_32_BIT_CONVERSION = YES;
				GCC_WARN_ABOUT_RETURN_TYPE = YES_ERROR;
				GCC_WARN_UNDECLARED_SELECTOR = YES;
				GCC_WARN_UNINITIALIZED_AUTOS = YES_AGGRESSIVE;
				GCC_WARN_UNUSED_FUNCTION = YES;
				GCC_WARN_UNUSED_VARIABLE = YES;
				IPHONEOS_DEPLOYMENT_TARGET = 17.0;
				LOCALIZATION_PREFERS_STRING_CATALOGS = YES;
				MTL_ENABLE_DEBUG_INFO = NO;
				MTL_FAST_MATH = YES;
				SDKROOT = iphoneos;
				SWIFT_COMPILATION_MODE = wholemodule;
				VALIDATE_PRODUCT = YES;
			};
			name = Release;
		};
		20B30BA52B58F1A400B7AB7C /* Debug */ = {
			isa = XCBuildConfiguration;
			buildSettings = {
				ASSETCATALOG_COMPILER_APPICON_NAME = AppIcon;
				ASSETCATALOG_COMPILER_GLOBAL_ACCENT_COLOR_NAME = AccentColor;
				CODE_SIGN_STYLE = Automatic;
				CURRENT_PROJECT_VERSION = 1;
				DEVELOPMENT_ASSET_PATHS = "\"MoonShot/Preview Content\"";
				DEVELOPMENT_TEAM = 4SV5CWGRV6;
				ENABLE_PREVIEWS = YES;
				GENERATE_INFOPLIST_FILE = YES;
				INFOPLIST_KEY_UIApplicationSceneManifest_Generation = YES;
				INFOPLIST_KEY_UIApplicationSupportsIndirectInputEvents = YES;
				INFOPLIST_KEY_UILaunchScreen_Generation = YES;
				INFOPLIST_KEY_UISupportedInterfaceOrientations_iPad = "UIInterfaceOrientationPortrait UIInterfaceOrientationPortraitUpsideDown UIInterfaceOrientationLandscapeLeft UIInterfaceOrientationLandscapeRight";
				INFOPLIST_KEY_UISupportedInterfaceOrientations_iPhone = "UIInterfaceOrientationPortrait UIInterfaceOrientationLandscapeLeft UIInterfaceOrientationLandscapeRight";
				LD_RUNPATH_SEARCH_PATHS = (
					"$(inherited)",
					"@executable_path/Frameworks",
				);
				MARKETING_VERSION = 1.0;
				PRODUCT_BUNDLE_IDENTIFIER = com.MayankAtri.MoonShot;
				PRODUCT_NAME = "$(TARGET_NAME)";
				SWIFT_EMIT_LOC_STRINGS = YES;
				SWIFT_VERSION = 5.0;
				TARGETED_DEVICE_FAMILY = "1,2";
			};
			name = Debug;
		};
		20B30BA62B58F1A400B7AB7C /* Release */ = {
			isa = XCBuildConfiguration;
			buildSettings = {
				ASSETCATALOG_COMPILER_APPICON_NAME = AppIcon;
				ASSETCATALOG_COMPILER_GLOBAL_ACCENT_COLOR_NAME = AccentColor;
				CODE_SIGN_STYLE = Automatic;
				CURRENT_PROJECT_VERSION = 1;
				DEVELOPMENT_ASSET_PATHS = "\"MoonShot/Preview Content\"";
				DEVELOPMENT_TEAM = 4SV5CWGRV6;
				ENABLE_PREVIEWS = YES;
				GENERATE_INFOPLIST_FILE = YES;
				INFOPLIST_KEY_UIApplicationSceneManifest_Generation = YES;
				INFOPLIST_KEY_UIApplicationSupportsIndirectInputEvents = YES;
				INFOPLIST_KEY_UILaunchScreen_Generation = YES;
				INFOPLIST_KEY_UISupportedInterfaceOrientations_iPad = "UIInterfaceOrientationPortrait UIInterfaceOrientationPortraitUpsideDown UIInterfaceOrientationLandscapeLeft UIInterfaceOrientationLandscapeRight";
				INFOPLIST_KEY_UISupportedInterfaceOrientations_iPhone = "UIInterfaceOrientationPortrait UIInterfaceOrientationLandscapeLeft UIInterfaceOrientationLandscapeRight";
				LD_RUNPATH_SEARCH_PATHS = (
					"$(inherited)",
					"@executable_path/Frameworks",
				);
				MARKETING_VERSION = 1.0;
				PRODUCT_BUNDLE_IDENTIFIER = com.MayankAtri.MoonShot;
				PRODUCT_NAME = "$(TARGET_NAME)";
				SWIFT_EMIT_LOC_STRINGS = YES;
				SWIFT_VERSION = 5.0;
				TARGETED_DEVICE_FAMILY = "1,2";
			};
			name = Release;
		};
		20B30BA82B58F1A400B7AB7C /* Debug */ = {
			isa = XCBuildConfiguration;
			buildSettings = {
				ALWAYS_EMBED_SWIFT_STANDARD_LIBRARIES = YES;
				BUNDLE_LOADER = "$(TEST_HOST)";
				CODE_SIGN_STYLE = Automatic;
				CURRENT_PROJECT_VERSION = 1;
				DEVELOPMENT_TEAM = 4SV5CWGRV6;
				GENERATE_INFOPLIST_FILE = YES;
				IPHONEOS_DEPLOYMENT_TARGET = 17.0;
				MARKETING_VERSION = 1.0;
				PRODUCT_BUNDLE_IDENTIFIER = com.MayankAtri.MoonShotTests;
				PRODUCT_NAME = "$(TARGET_NAME)";
				SWIFT_EMIT_LOC_STRINGS = NO;
				SWIFT_VERSION = 5.0;
				TARGETED_DEVICE_FAMILY = "1,2";
				TEST_HOST = "$(BUILT_PRODUCTS_DIR)/MoonShot.app/$(BUNDLE_EXECUTABLE_FOLDER_PATH)/MoonShot";
			};
			name = Debug;
		};
		20B30BA92B58F1A400B7AB7C /* Release */ = {
			isa = XCBuildConfiguration;
			buildSettings = {
				ALWAYS_EMBED_SWIFT_STANDARD_LIBRARIES = YES;
				BUNDLE_LOADER = "$(TEST_HOST)";
				CODE_SIGN_STYLE = Automatic;
				CURRENT_PROJECT_VERSION = 1;
				DEVELOPMENT_TEAM = 4SV5CWGRV6;
				GENERATE_INFOPLIST_FILE = YES;
				IPHONEOS_DEPLOYMENT_TARGET = 17.0;
				MARKETING_VERSION = 1.0;
				PRODUCT_BUNDLE_IDENTIFIER = com.MayankAtri.MoonShotTests;
				PRODUCT_NAME = "$(TARGET_NAME)";
				SWIFT_EMIT_LOC_STRINGS = NO;
				SWIFT_VERSION = 5.0;
				TARGETED_DEVICE_FAMILY = "1,2";
				TEST_HOST = "$(BUILT_PRODUCTS_DIR)/MoonShot.app/$(BUNDLE_EXECUTABLE_FOLDER_PATH)/MoonShot";
			};
			name = Release;
		};
		20B30BAB2B58F1A400B7AB7C /* Debug */ = {
			isa = XCBuildConfiguration;
			buildSettings = {
				ALWAYS_EMBED_SWIFT_STANDARD_LIBRARIES = YES;
				CODE_SIGN_STYLE = Automatic;
				CURRENT_PROJECT_VERSION = 1;
				DEVELOPMENT_TEAM = 4SV5CWGRV6;
				GENERATE_INFOPLIST_FILE = YES;
				MARKETING_VERSION = 1.0;
				PRODUCT_BUNDLE_IDENTIFIER = com.MayankAtri.MoonShotUITests;
				PRODUCT_NAME = "$(TARGET_NAME)";
				SWIFT_EMIT_LOC_STRINGS = NO;
				SWIFT_VERSION = 5.0;
				TARGETED_DEVICE_FAMILY = "1,2";
				TEST_TARGET_NAME = MoonShot;
			};
			name = Debug;
		};
		20B30BAC2B58F1A400B7AB7C /* Release */ = {
			isa = XCBuildConfiguration;
			buildSettings = {
				ALWAYS_EMBED_SWIFT_STANDARD_LIBRARIES = YES;
				CODE_SIGN_STYLE = Automatic;
				CURRENT_PROJECT_VERSION = 1;
				DEVELOPMENT_TEAM = 4SV5CWGRV6;
				GENERATE_INFOPLIST_FILE = YES;
				MARKETING_VERSION = 1.0;
				PRODUCT_BUNDLE_IDENTIFIER = com.MayankAtri.MoonShotUITests;
				PRODUCT_NAME = "$(TARGET_NAME)";
				SWIFT_EMIT_LOC_STRINGS = NO;
				SWIFT_VERSION = 5.0;
				TARGETED_DEVICE_FAMILY = "1,2";
				TEST_TARGET_NAME = MoonShot;
			};
			name = Release;
		};
/* End XCBuildConfiguration section */

/* Begin XCConfigurationList section */
		20B30B792B58F1A100B7AB7C /* Build configuration list for PBXProject "MoonShot" */ = {
			isa = XCConfigurationList;
			buildConfigurations = (
				20B30BA22B58F1A400B7AB7C /* Debug */,
				20B30BA32B58F1A400B7AB7C /* Release */,
			);
			defaultConfigurationIsVisible = 0;
			defaultConfigurationName = Release;
		};
		20B30BA42B58F1A400B7AB7C /* Build configuration list for PBXNativeTarget "MoonShot" */ = {
			isa = XCConfigurationList;
			buildConfigurations = (
				20B30BA52B58F1A400B7AB7C /* Debug */,
				20B30BA62B58F1A400B7AB7C /* Release */,
			);
			defaultConfigurationIsVisible = 0;
			defaultConfigurationName = Release;
		};
		20B30BA72B58F1A400B7AB7C /* Build configuration list for PBXNativeTarget "MoonShotTests" */ = {
			isa = XCConfigurationList;
			buildConfigurations = (
				20B30BA82B58F1A400B7AB7C /* Debug */,
				20B30BA92B58F1A400B7AB7C /* Release */,
			);
			defaultConfigurationIsVisible = 0;
			defaultConfigurationName = Release;
		};
		20B30BAA2B58F1A400B7AB7C /* Build configuration list for PBXNativeTarget "MoonShotUITests" */ = {
			isa = XCConfigurationList;
			buildConfigurations = (
				20B30BAB2B58F1A400B7AB7C /* Debug */,
				20B30BAC2B58F1A400B7AB7C /* Release */,
			);
			defaultConfigurationIsVisible = 0;
			defaultConfigurationName = Release;
		};
/* End XCConfigurationList section */
	};
	rootObject = 20B30B762B58F1A100B7AB7C /* Project object */;
}
